// !$*UTF8*$!
{
	archiveVersion = 1;
	classes = {
	};
	objectVersion = 48;
	objects = {

/* Begin PBXBuildFile section */
		8B2D16DB2087C83B003E6BEC /* AppDelegate.swift in Sources */ = {isa = PBXBuildFile; fileRef = 8B2D16DA2087C83B003E6BEC /* AppDelegate.swift */; };
		8B2D16DD2087C83B003E6BEC /* SearchViewController.swift in Sources */ = {isa = PBXBuildFile; fileRef = 8B2D16DC2087C83B003E6BEC /* SearchViewController.swift */; };
		8B2D16E02087C83B003E6BEC /* Main.storyboard in Resources */ = {isa = PBXBuildFile; fileRef = 8B2D16DE2087C83B003E6BEC /* Main.storyboard */; };
		8B2D16E22087C83B003E6BEC /* Assets.xcassets in Resources */ = {isa = PBXBuildFile; fileRef = 8B2D16E12087C83B003E6BEC /* Assets.xcassets */; };
		8B2D16E52087C83B003E6BEC /* LaunchScreen.storyboard in Resources */ = {isa = PBXBuildFile; fileRef = 8B2D16E32087C83B003E6BEC /* LaunchScreen.storyboard */; };
		8B2D16F22088CEB9003E6BEC /* SearchViewViewModel.swift in Sources */ = {isa = PBXBuildFile; fileRef = 8B2D16F12088CEB9003E6BEC /* SearchViewViewModel.swift */; };
		8B2D16F42088CF9D003E6BEC /* TwitterService.swift in Sources */ = {isa = PBXBuildFile; fileRef = 8B2D16F32088CF9D003E6BEC /* TwitterService.swift */; };
		F4A0810E475090BAC7DD7DBC /* Pods_RxTweet.framework in Frameworks */ = {isa = PBXBuildFile; fileRef = 8C45ECA04175806EFB709640 /* Pods_RxTweet.framework */; };
/* End PBXBuildFile section */

/* Begin PBXFileReference section */
		8B2D16D72087C83B003E6BEC /* RxTweet.app */ = {isa = PBXFileReference; explicitFileType = wrapper.application; includeInIndex = 0; path = RxTweet.app; sourceTree = BUILT_PRODUCTS_DIR; };
		8B2D16DA2087C83B003E6BEC /* AppDelegate.swift */ = {isa = PBXFileReference; lastKnownFileType = sourcecode.swift; path = AppDelegate.swift; sourceTree = "<group>"; };
		8B2D16DC2087C83B003E6BEC /* SearchViewController.swift */ = {isa = PBXFileReference; lastKnownFileType = sourcecode.swift; path = SearchViewController.swift; sourceTree = "<group>"; };
		8B2D16DF2087C83B003E6BEC /* Base */ = {isa = PBXFileReference; lastKnownFileType = file.storyboard; name = Base; path = Base.lproj/Main.storyboard; sourceTree = "<group>"; };
		8B2D16E12087C83B003E6BEC /* Assets.xcassets */ = {isa = PBXFileReference; lastKnownFileType = folder.assetcatalog; path = Assets.xcassets; sourceTree = "<group>"; };
		8B2D16E42087C83B003E6BEC /* Base */ = {isa = PBXFileReference; lastKnownFileType = file.storyboard; name = Base; path = Base.lproj/LaunchScreen.storyboard; sourceTree = "<group>"; };
		8B2D16E62087C83B003E6BEC /* Info.plist */ = {isa = PBXFileReference; lastKnownFileType = text.plist.xml; path = Info.plist; sourceTree = "<group>"; };
		8B2D16F12088CEB9003E6BEC /* SearchViewViewModel.swift */ = {isa = PBXFileReference; lastKnownFileType = sourcecode.swift; path = SearchViewViewModel.swift; sourceTree = "<group>"; };
		8B2D16F32088CF9D003E6BEC /* TwitterService.swift */ = {isa = PBXFileReference; lastKnownFileType = sourcecode.swift; path = TwitterService.swift; sourceTree = "<group>"; };
		8C45ECA04175806EFB709640 /* Pods_RxTweet.framework */ = {isa = PBXFileReference; explicitFileType = wrapper.framework; includeInIndex = 0; path = Pods_RxTweet.framework; sourceTree = BUILT_PRODUCTS_DIR; };
		9940B27BF7A3F1719E4B2675 /* Pods-RxTweet.release.xcconfig */ = {isa = PBXFileReference; includeInIndex = 1; lastKnownFileType = text.xcconfig; name = "Pods-RxTweet.release.xcconfig"; path = "Pods/Target Support Files/Pods-RxTweet/Pods-RxTweet.release.xcconfig"; sourceTree = "<group>"; };
		B05163BAF581F918F8E4543D /* Pods-RxTweet.debug.xcconfig */ = {isa = PBXFileReference; includeInIndex = 1; lastKnownFileType = text.xcconfig; name = "Pods-RxTweet.debug.xcconfig"; path = "Pods/Target Support Files/Pods-RxTweet/Pods-RxTweet.debug.xcconfig"; sourceTree = "<group>"; };
/* End PBXFileReference section */

/* Begin PBXFrameworksBuildPhase section */
		8B2D16D42087C83B003E6BEC /* Frameworks */ = {
			isa = PBXFrameworksBuildPhase;
			buildActionMask = 2147483647;
			files = (
				F4A0810E475090BAC7DD7DBC /* Pods_RxTweet.framework in Frameworks */,
			);
			runOnlyForDeploymentPostprocessing = 0;
		};
/* End PBXFrameworksBuildPhase section */

/* Begin PBXGroup section */
		63CCDC5AB5809A7F3A940D2E /* Frameworks */ = {
			isa = PBXGroup;
			children = (
				8C45ECA04175806EFB709640 /* Pods_RxTweet.framework */,
			);
			name = Frameworks;
			sourceTree = "<group>";
		};
		8B2D16CE2087C83A003E6BEC = {
			isa = PBXGroup;
			children = (
				8B2D16D92087C83B003E6BEC /* RxTweet */,
				8B2D16D82087C83B003E6BEC /* Products */,
				E1D9B319AE0649FB3FC59CF6 /* Pods */,
				63CCDC5AB5809A7F3A940D2E /* Frameworks */,
			);
			sourceTree = "<group>";
		};
		8B2D16D82087C83B003E6BEC /* Products */ = {
			isa = PBXGroup;
			children = (
				8B2D16D72087C83B003E6BEC /* RxTweet.app */,
			);
			name = Products;
			sourceTree = "<group>";
		};
		8B2D16D92087C83B003E6BEC /* RxTweet */ = {
			isa = PBXGroup;
			children = (
				8B2D16F52088D188003E6BEC /* DataModels */,
				8B2D16DA2087C83B003E6BEC /* AppDelegate.swift */,
				8B2D16DC2087C83B003E6BEC /* SearchViewController.swift */,
				8B2D16F12088CEB9003E6BEC /* SearchViewViewModel.swift */,
				8B2D16F32088CF9D003E6BEC /* TwitterService.swift */,
				8B2D16DE2087C83B003E6BEC /* Main.storyboard */,
				8B2D16E12087C83B003E6BEC /* Assets.xcassets */,
				8B2D16E32087C83B003E6BEC /* LaunchScreen.storyboard */,
				8B2D16E62087C83B003E6BEC /* Info.plist */,
			);
			path = RxTweet;
			sourceTree = "<group>";
		};
		8B2D16F52088D188003E6BEC /* DataModels */ = {
			isa = PBXGroup;
			children = (
			);
			path = DataModels;
			sourceTree = "<group>";
		};
		E1D9B319AE0649FB3FC59CF6 /* Pods */ = {
			isa = PBXGroup;
			children = (
				B05163BAF581F918F8E4543D /* Pods-RxTweet.debug.xcconfig */,
				9940B27BF7A3F1719E4B2675 /* Pods-RxTweet.release.xcconfig */,
			);
			name = Pods;
			sourceTree = "<group>";
		};
/* End PBXGroup section */

/* Begin PBXNativeTarget section */
		8B2D16D62087C83B003E6BEC /* RxTweet */ = {
			isa = PBXNativeTarget;
			buildConfigurationList = 8B2D16E92087C83B003E6BEC /* Build configuration list for PBXNativeTarget "RxTweet" */;
			buildPhases = (
				3982D47EEB4CB5FE1C7571FB /* [CP] Check Pods Manifest.lock */,
				8B2D16D32087C83B003E6BEC /* Sources */,
				8B2D16D42087C83B003E6BEC /* Frameworks */,
				8B2D16D52087C83B003E6BEC /* Resources */,
				6E2A2D261EE07B91F5B8FD3B /* [CP] Embed Pods Frameworks */,
			);
			buildRules = (
			);
			dependencies = (
			);
			name = RxTweet;
			productName = RxTweet;
			productReference = 8B2D16D72087C83B003E6BEC /* RxTweet.app */;
			productType = "com.apple.product-type.application";
		};
/* End PBXNativeTarget section */

/* Begin PBXProject section */
		8B2D16CF2087C83A003E6BEC /* Project object */ = {
			isa = PBXProject;
			attributes = {
				LastSwiftUpdateCheck = 0920;
				LastUpgradeCheck = 0920;
				ORGANIZATIONNAME = "Dhiraj Das";
				TargetAttributes = {
					8B2D16D62087C83B003E6BEC = {
						CreatedOnToolsVersion = 9.2;
						ProvisioningStyle = Automatic;
					};
				};
			};
			buildConfigurationList = 8B2D16D22087C83B003E6BEC /* Build configuration list for PBXProject "RxTweet" */;
			compatibilityVersion = "Xcode 8.0";
			developmentRegion = en;
			hasScannedForEncodings = 0;
			knownRegions = (
				en,
				Base,
			);
			mainGroup = 8B2D16CE2087C83A003E6BEC;
			productRefGroup = 8B2D16D82087C83B003E6BEC /* Products */;
			projectDirPath = "";
			projectRoot = "";
			targets = (
				8B2D16D62087C83B003E6BEC /* RxTweet */,
			);
		};
/* End PBXProject section */

/* Begin PBXResourcesBuildPhase section */
		8B2D16D52087C83B003E6BEC /* Resources */ = {
			isa = PBXResourcesBuildPhase;
			buildActionMask = 2147483647;
			files = (
				8B2D16E52087C83B003E6BEC /* LaunchScreen.storyboard in Resources */,
				8B2D16E22087C83B003E6BEC /* Assets.xcassets in Resources */,
				8B2D16E02087C83B003E6BEC /* Main.storyboard in Resources */,
			);
			runOnlyForDeploymentPostprocessing = 0;
		};
/* End PBXResourcesBuildPhase section */

/* Begin PBXShellScriptBuildPhase section */
		3982D47EEB4CB5FE1C7571FB /* [CP] Check Pods Manifest.lock */ = {
			isa = PBXShellScriptBuildPhase;
			buildActionMask = 2147483647;
			files = (
			);
			inputPaths = (
				"${PODS_PODFILE_DIR_PATH}/Podfile.lock",
				"${PODS_ROOT}/Manifest.lock",
			);
			name = "[CP] Check Pods Manifest.lock";
			outputPaths = (
				"$(DERIVED_FILE_DIR)/Pods-RxTweet-checkManifestLockResult.txt",
			);
			runOnlyForDeploymentPostprocessing = 0;
			shellPath = /bin/sh;
			shellScript = "diff \"${PODS_PODFILE_DIR_PATH}/Podfile.lock\" \"${PODS_ROOT}/Manifest.lock\" > /dev/null\nif [ $? != 0 ] ; then\n    # print error to STDERR\n    echo \"error: The sandbox is not in sync with the Podfile.lock. Run 'pod install' or update your CocoaPods installation.\" >&2\n    exit 1\nfi\n# This output is used by Xcode 'outputs' to avoid re-running this script phase.\necho \"SUCCESS\" > \"${SCRIPT_OUTPUT_FILE_0}\"\n";
			showEnvVarsInLog = 0;
		};
		6E2A2D261EE07B91F5B8FD3B /* [CP] Embed Pods Frameworks */ = {
			isa = PBXShellScriptBuildPhase;
			buildActionMask = 2147483647;
			files = (
			);
			inputPaths = (
				"${SRCROOT}/Pods/Target Support Files/Pods-RxTweet/Pods-RxTweet-frameworks.sh",
				"${BUILT_PRODUCTS_DIR}/Alamofire/Alamofire.framework",
				"${BUILT_PRODUCTS_DIR}/RxCocoa/RxCocoa.framework",
				"${BUILT_PRODUCTS_DIR}/RxSwift/RxSwift.framework",
			);
			name = "[CP] Embed Pods Frameworks";
			outputPaths = (
				"${TARGET_BUILD_DIR}/${FRAMEWORKS_FOLDER_PATH}/Alamofire.framework",
				"${TARGET_BUILD_DIR}/${FRAMEWORKS_FOLDER_PATH}/RxCocoa.framework",
				"${TARGET_BUILD_DIR}/${FRAMEWORKS_FOLDER_PATH}/RxSwift.framework",
			);
			runOnlyForDeploymentPostprocessing = 0;
			shellPath = /bin/sh;
			shellScript = "\"${SRCROOT}/Pods/Target Support Files/Pods-RxTweet/Pods-RxTweet-frameworks.sh\"\n";
			showEnvVarsInLog = 0;
		};
/* End PBXShellScriptBuildPhase section */

/* Begin PBXSourcesBuildPhase section */
		8B2D16D32087C83B003E6BEC /* Sources */ = {
			isa = PBXSourcesBuildPhase;
			buildActionMask = 2147483647;
			files = (
				8B2D16DD2087C83B003E6BEC /* SearchViewController.swift in Sources */,
				8B2D16F42088CF9D003E6BEC /* TwitterService.swift in Sources */,
				8B2D16DB2087C83B003E6BEC /* AppDelegate.swift in Sources */,
				8B2D16F22088CEB9003E6BEC /* SearchViewViewModel.swift in Sources */,
			);
			runOnlyForDeploymentPostprocessing = 0;
		};
/* End PBXSourcesBuildPhase section */

/* Begin PBXVariantGroup section */
		8B2D16DE2087C83B003E6BEC /* Main.storyboard */ = {
			isa = PBXVariantGroup;
			children = (
				8B2D16DF2087C83B003E6BEC /* Base */,
			);
			name = Main.storyboard;
			sourceTree = "<group>";
		};
		8B2D16E32087C83B003E6BEC /* LaunchScreen.storyboard */ = {
			isa = PBXVariantGroup;
			children = (
				8B2D16E42087C83B003E6BEC /* Base */,
			);
			name = LaunchScreen.storyboard;
			sourceTree = "<group>";
		};
/* End PBXVariantGroup section */

/* Begin XCBuildConfiguration section */
		8B2D16E72087C83B003E6BEC /* Debug */ = {
			isa = XCBuildConfiguration;
			buildSettings = {
				ALWAYS_SEARCH_USER_PATHS = NO;
				CLANG_ANALYZER_NONNULL = YES;
				CLANG_ANALYZER_NUMBER_OBJECT_CONVERSION = YES_AGGRESSIVE;
				CLANG_CXX_LANGUAGE_STANDARD = "gnu++14";
				CLANG_CXX_LIBRARY = "libc++";
				CLANG_ENABLE_MODULES = YES;
				CLANG_ENABLE_OBJC_ARC = YES;
				CLANG_WARN_BLOCK_CAPTURE_AUTORELEASING = YES;
				CLANG_WARN_BOOL_CONVERSION = YES;
				CLANG_WARN_COMMA = YES;
				CLANG_WARN_CONSTANT_CONVERSION = YES;
				CLANG_WARN_DIRECT_OBJC_ISA_USAGE = YES_ERROR;
				CLANG_WARN_DOCUMENTATION_COMMENTS = YES;
				CLANG_WARN_EMPTY_BODY = YES;
				CLANG_WARN_ENUM_CONVERSION = YES;
				CLANG_WARN_INFINITE_RECURSION = YES;
				CLANG_WARN_INT_CONVERSION = YES;
				CLANG_WARN_NON_LITERAL_NULL_CONVERSION = YES;
				CLANG_WARN_OBJC_LITERAL_CONVERSION = YES;
				CLANG_WARN_OBJC_ROOT_CLASS = YES_ERROR;
				CLANG_WARN_RANGE_LOOP_ANALYSIS = YES;
				CLANG_WARN_STRICT_PROTOTYPES = YES;
				CLANG_WARN_SUSPICIOUS_MOVE = YES;
				CLANG_WARN_UNGUARDED_AVAILABILITY = YES_AGGRESSIVE;
				CLANG_WARN_UNREACHABLE_CODE = YES;
				CLANG_WARN__DUPLICATE_METHOD_MATCH = YES;
				CODE_SIGN_IDENTITY = "iPhone Developer";
				COPY_PHASE_STRIP = NO;
				DEBUG_INFORMATION_FORMAT = dwarf;
				ENABLE_STRICT_OBJC_MSGSEND = YES;
				ENABLE_TESTABILITY = YES;
				GCC_C_LANGUAGE_STANDARD = gnu11;
				GCC_DYNAMIC_NO_PIC = NO;
				GCC_NO_COMMON_BLOCKS = YES;
				GCC_OPTIMIZATION_LEVEL = 0;
				GCC_PREPROCESSOR_DEFINITIONS = (
					"DEBUG=1",
					"$(inherited)",
				);
				GCC_WARN_64_TO_32_BIT_CONVERSION = YES;
				GCC_WARN_ABOUT_RETURN_TYPE = YES_ERROR;
				GCC_WARN_UNDECLARED_SELECTOR = YES;
				GCC_WARN_UNINITIALIZED_AUTOS = YES_AGGRESSIVE;
				GCC_WARN_UNUSED_FUNCTION = YES;
				GCC_WARN_UNUSED_VARIABLE = YES;
				IPHONEOS_DEPLOYMENT_TARGET = 11.2;
				MTL_ENABLE_DEBUG_INFO = YES;
				ONLY_ACTIVE_ARCH = YES;
				SDKROOT = iphoneos;
				SWIFT_ACTIVE_COMPILATION_CONDITIONS = DEBUG;
				SWIFT_OPTIMIZATION_LEVEL = "-Onone";
			};
			name = Debug;
		};
		8B2D16E82087C83B003E6BEC /* Release */ = {
			isa = XCBuildConfiguration;
			buildSettings = {
				ALWAYS_SEARCH_USER_PATHS = NO;
				CLANG_ANALYZER_NONNULL = YES;
				CLANG_ANALYZER_NUMBER_OBJECT_CONVERSION = YES_AGGRESSIVE;
				CLANG_CXX_LANGUAGE_STANDARD = "gnu++14";
				CLANG_CXX_LIBRARY = "libc++";
				CLANG_ENABLE_MODULES = YES;
				CLANG_ENABLE_OBJC_ARC = YES;
				CLANG_WARN_BLOCK_CAPTURE_AUTORELEASING = YES;
				CLANG_WARN_BOOL_CONVERSION = YES;
				CLANG_WARN_COMMA = YES;
				CLANG_WARN_CONSTANT_CONVERSION = YES;
				CLANG_WARN_DIRECT_OBJC_ISA_USAGE = YES_ERROR;
				CLANG_WARN_DOCUMENTATION_COMMENTS = YES;
				CLANG_WARN_EMPTY_BODY = YES;
				CLANG_WARN_ENUM_CONVERSION = YES;
				CLANG_WARN_INFINITE_RECURSION = YES;
				CLANG_WARN_INT_CONVERSION = YES;
				CLANG_WARN_NON_LITERAL_NULL_CONVERSION = YES;
				CLANG_WARN_OBJC_LITERAL_CONVERSION = YES;
				CLANG_WARN_OBJC_ROOT_CLASS = YES_ERROR;
				CLANG_WARN_RANGE_LOOP_ANALYSIS = YES;
				CLANG_WARN_STRICT_PROTOTYPES = YES;
				CLANG_WARN_SUSPICIOUS_MOVE = YES;
				CLANG_WARN_UNGUARDED_AVAILABILITY = YES_AGGRESSIVE;
				CLANG_WARN_UNREACHABLE_CODE = YES;
				CLANG_WARN__DUPLICATE_METHOD_MATCH = YES;
				CODE_SIGN_IDENTITY = "iPhone Developer";
				COPY_PHASE_STRIP = NO;
				DEBUG_INFORMATION_FORMAT = "dwarf-with-dsym";
				ENABLE_NS_ASSERTIONS = NO;
				ENABLE_STRICT_OBJC_MSGSEND = YES;
				GCC_C_LANGUAGE_STANDARD = gnu11;
				GCC_NO_COMMON_BLOCKS = YES;
				GCC_WARN_64_TO_32_BIT_CONVERSION = YES;
				GCC_WARN_ABOUT_RETURN_TYPE = YES_ERROR;
				GCC_WARN_UNDECLARED_SELECTOR = YES;
				GCC_WARN_UNINITIALIZED_AUTOS = YES_AGGRESSIVE;
				GCC_WARN_UNUSED_FUNCTION = YES;
				GCC_WARN_UNUSED_VARIABLE = YES;
				IPHONEOS_DEPLOYMENT_TARGET = 11.2;
				MTL_ENABLE_DEBUG_INFO = NO;
				SDKROOT = iphoneos;
				SWIFT_OPTIMIZATION_LEVEL = "-Owholemodule";
				VALIDATE_PRODUCT = YES;
			};
			name = Release;
		};
		8B2D16EA2087C83B003E6BEC /* Debug */ = {
			isa = XCBuildConfiguration;
			baseConfigurationReference = B05163BAF581F918F8E4543D /* Pods-RxTweet.debug.xcconfig */;
			buildSettings = {
				ASSETCATALOG_COMPILER_APPICON_NAME = AppIcon;
				CODE_SIGN_STYLE = Automatic;
				INFOPLIST_FILE = RxTweet/Info.plist;
				LD_RUNPATH_SEARCH_PATHS = "$(inherited) @executable_path/Frameworks";
				PRODUCT_BUNDLE_IDENTIFIER = com.dhirajdas.RxTweet;
				PRODUCT_NAME = "$(TARGET_NAME)";
				SWIFT_VERSION = 4.0;
				TARGETED_DEVICE_FAMILY = "1,2";
			};
			name = Debug;
		};
		8B2D16EB2087C83B003E6BEC /* Release */ = {
			isa = XCBuildConfiguration;
			baseConfigurationReference = 9940B27BF7A3F1719E4B2675 /* Pods-RxTweet.release.xcconfig */;
			buildSettings = {
				ASSETCATALOG_COMPILER_APPICON_NAME = AppIcon;
				CODE_SIGN_STYLE = Automatic;
				INFOPLIST_FILE = RxTweet/Info.plist;
				LD_RUNPATH_SEARCH_PATHS = "$(inherited) @executable_path/Frameworks";
				PRODUCT_BUNDLE_IDENTIFIER = com.dhirajdas.RxTweet;
				PRODUCT_NAME = "$(TARGET_NAME)";
				SWIFT_VERSION = 4.0;
				TARGETED_DEVICE_FAMILY = "1,2";
			};
			name = Release;
		};
/* End XCBuildConfiguration section */

/* Begin XCConfigurationList section */
		8B2D16D22087C83B003E6BEC /* Build configuration list for PBXProject "RxTweet" */ = {
			isa = XCConfigurationList;
			buildConfigurations = (
				8B2D16E72087C83B003E6BEC /* Debug */,
				8B2D16E82087C83B003E6BEC /* Release */,
			);
			defaultConfigurationIsVisible = 0;
			defaultConfigurationName = Release;
		};
		8B2D16E92087C83B003E6BEC /* Build configuration list for PBXNativeTarget "RxTweet" */ = {
			isa = XCConfigurationList;
			buildConfigurations = (
				8B2D16EA2087C83B003E6BEC /* Debug */,
				8B2D16EB2087C83B003E6BEC /* Release */,
			);
			defaultConfigurationIsVisible = 0;
			defaultConfigurationName = Release;
		};
/* End XCConfigurationList section */
	};
	rootObject = 8B2D16CF2087C83A003E6BEC /* Project object */;
}
